
Microsoft Visual Studio Solution File, Format Version 12.00
# Visual Studio Version 16
VisualStudioVersion = 16.0.28922.388
MinimumVisualStudioVersion = 10.0.40219.1
Project("{9A19103F-16F7-4668-BE54-9A1E7A4F7556}") = "LLParserGen", "LLParserGen\LLParserGen.csproj", "{A80B5CCD-FC11-4E39-9FE4-57923EE3B5BF}"
EndProject
Project("{9A19103F-16F7-4668-BE54-9A1E7A4F7556}") = "LLParserGenLib", "LLParserGenLib\LLParserGenLib.csproj", "{A95C37F7-023F-4D6E-9241-5865B52D5746}"
EndProject
Project("{9A19103F-16F7-4668-BE54-9A1E7A4F7556}") = "LLProtoBuff", "LLProtoBuff\LLProtoBuff.csproj", "{1B92BD24-96FC-402B-BA49-A1A66050F3DA}"
EndProject
Project("{9A19103F-16F7-4668-BE54-9A1E7A4F7556}") = "LLDateExpr", "LLDateExpr\LLDateExpr.csproj", "{9A14805D-F819-4380-9463-EBABAD7C0273}"
EndProject
Project("{FAE04EC0-301F-11D3-BF4B-00C04F79EFBC}") = "LLCLeo", "LLCLeo\LLCLeo.csproj", "{5967AA7D-9C50-46B7-AE1F-DE911770994E}"
EndProject
Global
	GlobalSection(SolutionConfigurationPlatforms) = preSolution
		Debug|Any CPU = Debug|Any CPU
		Debug|x64 = Debug|x64
		Debug|x86 = Debug|x86
		Release|Any CPU = Release|Any CPU
		Release|x64 = Release|x64
		Release|x86 = Release|x86
	EndGlobalSection
	GlobalSection(ProjectConfigurationPlatforms) = postSolution
		{A80B5CCD-FC11-4E39-9FE4-57923EE3B5BF}.Debug|Any CPU.ActiveCfg = Debug|Any CPU
		{A80B5CCD-FC11-4E39-9FE4-57923EE3B5BF}.Debug|Any CPU.Build.0 = Debug|Any CPU
		{A80B5CCD-FC11-4E39-9FE4-57923EE3B5BF}.Debug|x64.ActiveCfg = Debug|Any CPU
		{A80B5CCD-FC11-4E39-9FE4-57923EE3B5BF}.Debug|x64.Build.0 = Debug|Any CPU
		{A80B5CCD-FC11-4E39-9FE4-57923EE3B5BF}.Debug|x86.ActiveCfg = Debug|Any CPU
		{A80B5CCD-FC11-4E39-9FE4-57923EE3B5BF}.Debug|x86.Build.0 = Debug|Any CPU
		{A80B5CCD-FC11-4E39-9FE4-57923EE3B5BF}.Release|Any CPU.ActiveCfg = Release|Any CPU
		{A80B5CCD-FC11-4E39-9FE4-57923EE3B5BF}.Release|Any CPU.Build.0 = Release|Any CPU
		{A80B5CCD-FC11-4E39-9FE4-57923EE3B5BF}.Release|x64.ActiveCfg = Release|Any CPU
		{A80B5CCD-FC11-4E39-9FE4-57923EE3B5BF}.Release|x64.Build.0 = Release|Any CPU
		{A80B5CCD-FC11-4E39-9FE4-57923EE3B5BF}.Release|x86.ActiveCfg = Release|Any CPU
		{A80B5CCD-FC11-4E39-9FE4-57923EE3B5BF}.Release|x86.Build.0 = Release|Any CPU
		{A95C37F7-023F-4D6E-9241-5865B52D5746}.Debug|Any CPU.ActiveCfg = Debug|Any CPU
		{A95C37F7-023F-4D6E-9241-5865B52D5746}.Debug|Any CPU.Build.0 = Debug|Any CPU
		{A95C37F7-023F-4D6E-9241-5865B52D5746}.Debug|x64.ActiveCfg = Debug|Any CPU
		{A95C37F7-023F-4D6E-9241-5865B52D5746}.Debug|x64.Build.0 = Debug|Any CPU
		{A95C37F7-023F-4D6E-9241-5865B52D5746}.Debug|x86.ActiveCfg = Debug|Any CPU
		{A95C37F7-023F-4D6E-9241-5865B52D5746}.Debug|x86.Build.0 = Debug|Any CPU
		{A95C37F7-023F-4D6E-9241-5865B52D5746}.Release|Any CPU.ActiveCfg = Release|Any CPU
		{A95C37F7-023F-4D6E-9241-5865B52D5746}.Release|Any CPU.Build.0 = Release|Any CPU
		{A95C37F7-023F-4D6E-9241-5865B52D5746}.Release|x64.ActiveCfg = Release|Any CPU
		{A95C37F7-023F-4D6E-9241-5865B52D5746}.Release|x64.Build.0 = Release|Any CPU
		{A95C37F7-023F-4D6E-9241-5865B52D5746}.Release|x86.ActiveCfg = Release|Any CPU
		{A95C37F7-023F-4D6E-9241-5865B52D5746}.Release|x86.Build.0 = Release|Any CPU
		{1B92BD24-96FC-402B-BA49-A1A66050F3DA}.Debug|Any CPU.ActiveCfg = Debug|Any CPU
		{1B92BD24-96FC-402B-BA49-A1A66050F3DA}.Debug|Any CPU.Build.0 = Debug|Any CPU
		{1B92BD24-96FC-402B-BA49-A1A66050F3DA}.Debug|x64.ActiveCfg = Debug|Any CPU
		{1B92BD24-96FC-402B-BA49-A1A66050F3DA}.Debug|x64.Build.0 = Debug|Any CPU
		{1B92BD24-96FC-402B-BA49-A1A66050F3DA}.Debug|x86.ActiveCfg = Debug|Any CPU
		{1B92BD24-96FC-402B-BA49-A1A66050F3DA}.Debug|x86.Build.0 = Debug|Any CPU
		{1B92BD24-96FC-402B-BA49-A1A66050F3DA}.Release|Any CPU.ActiveCfg = Release|Any CPU
		{1B92BD24-96FC-402B-BA49-A1A66050F3DA}.Release|Any CPU.Build.0 = Release|Any CPU
		{1B92BD24-96FC-402B-BA49-A1A66050F3DA}.Release|x64.ActiveCfg = Release|Any CPU
		{1B92BD24-96FC-402B-BA49-A1A66050F3DA}.Release|x64.Build.0 = Release|Any CPU
		{1B92BD24-96FC-402B-BA49-A1A66050F3DA}.Release|x86.ActiveCfg = Release|Any CPU
		{1B92BD24-96FC-402B-BA49-A1A66050F3DA}.Release|x86.Build.0 = Release|Any CPU
		{9A14805D-F819-4380-9463-EBABAD7C0273}.Debug|Any CPU.ActiveCfg = Debug|Any CPU
		{9A14805D-F819-4380-9463-EBABAD7C0273}.Debug|Any CPU.Build.0 = Debug|Any CPU
		{9A14805D-F819-4380-9463-EBABAD7C0273}.Debug|x64.ActiveCfg = Debug|Any CPU
		{9A14805D-F819-4380-9463-EBABAD7C0273}.Debug|x64.Build.0 = Debug|Any CPU
		{9A14805D-F819-4380-9463-EBABAD7C0273}.Debug|x86.ActiveCfg = Debug|Any CPU
		{9A14805D-F819-4380-9463-EBABAD7C0273}.Debug|x86.Build.0 = Debug|Any CPU
		{9A14805D-F819-4380-9463-EBABAD7C0273}.Release|Any CPU.ActiveCfg = Release|Any CPU
		{9A14805D-F819-4380-9463-EBABAD7C0273}.Release|Any CPU.Build.0 = Release|Any CPU
		{9A14805D-F819-4380-9463-EBABAD7C0273}.Release|x64.ActiveCfg = Release|Any CPU
		{9A14805D-F819-4380-9463-EBABAD7C0273}.Release|x64.Build.0 = Release|Any CPU
		{9A14805D-F819-4380-9463-EBABAD7C0273}.Release|x86.ActiveCfg = Release|Any CPU
		{9A14805D-F819-4380-9463-EBABAD7C0273}.Release|x86.Build.0 = Release|Any CPU
		{8D2CA219-8E80-4C04-8EC8-7AB0D3BD2F77}.Debug|Any CPU.ActiveCfg = Debug|Any CPU
		{8D2CA219-8E80-4C04-8EC8-7AB0D3BD2F77}.Debug|Any CPU.Build.0 = Debug|Any CPU
		{8D2CA219-8E80-4C04-8EC8-7AB0D3BD2F77}.Debug|x64.ActiveCfg = Debug|Any CPU
		{8D2CA219-8E80-4C04-8EC8-7AB0D3BD2F77}.Debug|x86.ActiveCfg = Debug|Any CPU
		{8D2CA219-8E80-4C04-8EC8-7AB0D3BD2F77}.Release|Any CPU.ActiveCfg = Release|Any CPU
		{8D2CA219-8E80-4C04-8EC8-7AB0D3BD2F77}.Release|Any CPU.Build.0 = Release|Any CPU
		{8D2CA219-8E80-4C04-8EC8-7AB0D3BD2F77}.Release|x64.ActiveCfg = Release|Any CPU
		{8D2CA219-8E80-4C04-8EC8-7AB0D3BD2F77}.Release|x86.ActiveCfg = Release|Any CPU
		{5967AA7D-9C50-46B7-AE1F-DE911770994E}.Debug|Any CPU.ActiveCfg = Debug|Any CPU
		{5967AA7D-9C50-46B7-AE1F-DE911770994E}.Debug|Any CPU.Build.0 = Debug|Any CPU
		{5967AA7D-9C50-46B7-AE1F-DE911770994E}.Debug|x64.ActiveCfg = Debug|Any CPU
		{5967AA7D-9C50-46B7-AE1F-DE911770994E}.Debug|x64.Build.0 = Debug|Any CPU
		{5967AA7D-9C50-46B7-AE1F-DE911770994E}.Debug|x86.ActiveCfg = Debug|Any CPU
		{5967AA7D-9C50-46B7-AE1F-DE911770994E}.Debug|x86.Build.0 = Debug|Any CPU
		{5967AA7D-9C50-46B7-AE1F-DE911770994E}.Release|Any CPU.ActiveCfg = Release|Any CPU
		{5967AA7D-9C50-46B7-AE1F-DE911770994E}.Release|Any CPU.Build.0 = Release|Any CPU
		{5967AA7D-9C50-46B7-AE1F-DE911770994E}.Release|x64.ActiveCfg = Release|Any CPU
		{5967AA7D-9C50-46B7-AE1F-DE911770994E}.Release|x64.Build.0 = Release|Any CPU
		{5967AA7D-9C50-46B7-AE1F-DE911770994E}.Release|x86.ActiveCfg = Release|Any CPU
		{5967AA7D-9C50-46B7-AE1F-DE911770994E}.Release|x86.Build.0 = Release|Any CPU
	EndGlobalSection
	GlobalSection(SolutionProperties) = preSolution
		HideSolutionNode = FALSE
	EndGlobalSection
	GlobalSection(ExtensibilityGlobals) = postSolution
		SolutionGuid = {41C651CC-6D42-4453-9025-04A858EC861D}
	EndGlobalSection
EndGlobal
